
Microsoft Visual Studio Solution File, Format Version 12.00
# Visual Studio Version 17
VisualStudioVersion = 17.4.33205.214
MinimumVisualStudioVersion = 10.0.40219.1
Project("{8BC9CEB8-8B4A-11D0-8D11-00A0C91BC942}") = "Tutorial19", "Tutorial19\Tutorial19.vcxproj", "{E4259492-3300-4705-BE9F-69BC56AE9ED0}"
EndProject
Global
	GlobalSection(SolutionConfigurationPlatforms) = preSolution
		Debug|x64 = Debug|x64
		Debug|x86 = Debug|x86
		Release|x64 = Release|x64
		Release|x86 = Release|x86
	EndGlobalSection
	GlobalSection(ProjectConfigurationPlatforms) = postSolution
		{E4259492-3300-4705-BE9F-69BC56AE9ED0}.Debug|x64.ActiveCfg = Debug|x64
		{E4259492-3300-4705-BE9F-69BC56AE9ED0}.Debug|x64.Build.0 = Debug|x64
		{E4259492-3300-4705-BE9F-69BC56AE9ED0}.Debug|x86.ActiveCfg = Debug|Win32
		{E4259492-3300-4705-BE9F-69BC56AE9ED0}.Debug|x86.Build.0 = Debug|Win32
		{E4259492-3300-4705-BE9F-69BC56AE9ED0}.Release|x64.ActiveCfg = Release|x64
		{E4259492-3300-4705-BE9F-69BC56AE9ED0}.Release|x64.Build.0 = Release|x64
		{E4259492-3300-4705-BE9F-69BC56AE9ED0}.Release|x86.ActiveCfg = Release|Win32
		{E4259492-3300-4705-BE9F-69BC56AE9ED0}.Release|x86.Build.0 = Release|Win32
	EndGlobalSection
	GlobalSection(SolutionProperties) = preSolution
		HideSolutionNode = FALSE
	EndGlobalSection
	GlobalSection(ExtensibilityGlobals) = postSolution
		SolutionGuid = {911234F4-B136-468A-A579-1F9B1E53F22B}
	EndGlobalSection
EndGlobal
